
Microsoft Visual Studio Solution File, Format Version 12.00
# Visual Studio Version 17
VisualStudioVersion = 17.1.32228.430
MinimumVisualStudioVersion = 10.0.40219.1
Project("{FAE04EC0-301F-11D3-BF4B-00C04F79EFBC}") = "API_Gastos", "API_Gastos\API_Gastos.csproj", "{D1B2D92E-12BB-4C74-AD17-83D925F449E1}"
EndProject
Project("{FAE04EC0-301F-11D3-BF4B-00C04F79EFBC}") = "Entity", "Entity\Entity.csproj", "{FE08C3B8-59DC-48E4-82E6-0D1A6219F840}"
EndProject
Project("{FAE04EC0-301F-11D3-BF4B-00C04F79EFBC}") = "Data", "Data\Data.csproj", "{6F9E32B5-BC47-4C29-8656-4653B88E00EC}"
EndProject
Project("{FAE04EC0-301F-11D3-BF4B-00C04F79EFBC}") = "Business", "Business\Business.csproj", "{591D66A1-CAB4-4F7F-945C-C0E8759B1306}"
EndProject
Global
	GlobalSection(SolutionConfigurationPlatforms) = preSolution
		Debug|Any CPU = Debug|Any CPU
		Release|Any CPU = Release|Any CPU
	EndGlobalSection
	GlobalSection(ProjectConfigurationPlatforms) = postSolution
		{D1B2D92E-12BB-4C74-AD17-83D925F449E1}.Debug|Any CPU.ActiveCfg = Debug|Any CPU
		{D1B2D92E-12BB-4C74-AD17-83D925F449E1}.Debug|Any CPU.Build.0 = Debug|Any CPU
		{D1B2D92E-12BB-4C74-AD17-83D925F449E1}.Release|Any CPU.ActiveCfg = Release|Any CPU
		{D1B2D92E-12BB-4C74-AD17-83D925F449E1}.Release|Any CPU.Build.0 = Release|Any CPU
		{FE08C3B8-59DC-48E4-82E6-0D1A6219F840}.Debug|Any CPU.ActiveCfg = Debug|Any CPU
		{FE08C3B8-59DC-48E4-82E6-0D1A6219F840}.Debug|Any CPU.Build.0 = Debug|Any CPU
		{FE08C3B8-59DC-48E4-82E6-0D1A6219F840}.Release|Any CPU.ActiveCfg = Release|Any CPU
		{FE08C3B8-59DC-48E4-82E6-0D1A6219F840}.Release|Any CPU.Build.0 = Release|Any CPU
		{6F9E32B5-BC47-4C29-8656-4653B88E00EC}.Debug|Any CPU.ActiveCfg = Debug|Any CPU
		{6F9E32B5-BC47-4C29-8656-4653B88E00EC}.Debug|Any CPU.Build.0 = Debug|Any CPU
		{6F9E32B5-BC47-4C29-8656-4653B88E00EC}.Release|Any CPU.ActiveCfg = Release|Any CPU
		{6F9E32B5-BC47-4C29-8656-4653B88E00EC}.Release|Any CPU.Build.0 = Release|Any CPU
		{591D66A1-CAB4-4F7F-945C-C0E8759B1306}.Debug|Any CPU.ActiveCfg = Debug|Any CPU
		{591D66A1-CAB4-4F7F-945C-C0E8759B1306}.Debug|Any CPU.Build.0 = Debug|Any CPU
		{591D66A1-CAB4-4F7F-945C-C0E8759B1306}.Release|Any CPU.ActiveCfg = Release|Any CPU
		{591D66A1-CAB4-4F7F-945C-C0E8759B1306}.Release|Any CPU.Build.0 = Release|Any CPU
	EndGlobalSection
	GlobalSection(SolutionProperties) = preSolution
		HideSolutionNode = FALSE
	EndGlobalSection
	GlobalSection(ExtensibilityGlobals) = postSolution
		SolutionGuid = {92752028-6BD3-43D6-BA17-4E92EF0A5E0D}
	EndGlobalSection
EndGlobal
